
Microsoft Visual Studio Solution File, Format Version 12.00
# Visual Studio Version 17
VisualStudioVersion = 17.14.36408.4
MinimumVisualStudioVersion = 10.0.40219.1
Project("{FAE04EC0-301F-11D3-BF4B-00C04F79EFBC}") = "UICeo", "UICeo.csproj", "{C5B7571B-3CE8-4D00-84D5-225C1035ADB8}"
EndProject
Global
	GlobalSection(SolutionConfigurationPlatforms) = preSolution
		Debug|Any CPU = Debug|Any CPU
		Release|Any CPU = Release|Any CPU
	EndGlobalSection
	GlobalSection(ProjectConfigurationPlatforms) = postSolution
		{C5B7571B-3CE8-4D00-84D5-225C1035ADB8}.Debug|Any CPU.ActiveCfg = Debug|Any CPU
		{C5B7571B-3CE8-4D00-84D5-225C1035ADB8}.Debug|Any CPU.Build.0 = Debug|Any CPU
		{C5B7571B-3CE8-4D00-84D5-225C1035ADB8}.Release|Any CPU.ActiveCfg = Release|Any CPU
		{C5B7571B-3CE8-4D00-84D5-225C1035ADB8}.Release|Any CPU.Build.0 = Release|Any CPU
	EndGlobalSection
	GlobalSection(SolutionProperties) = preSolution
		HideSolutionNode = FALSE
	EndGlobalSection
	GlobalSection(ExtensibilityGlobals) = postSolution
		SolutionGuid = {5B48B842-DDE3-4CFC-A4BF-7F32E5454F4F}
	EndGlobalSection
EndGlobal
